
Microsoft Visual Studio Solution File, Format Version 12.00
# Visual Studio Version 17
VisualStudioVersion = 17.1.32228.430
MinimumVisualStudioVersion = 10.0.40219.1
Project("{FAE04EC0-301F-11D3-BF4B-00C04F79EFBC}") = "DeanConsoleUI", "DeanConsoleUI.csproj", "{4EC3DA35-CC31-44FA-B4B7-86E318A143BE}"
EndProject
Global
	GlobalSection(SolutionConfigurationPlatforms) = preSolution
		Debug|Any CPU = Debug|Any CPU
		Release|Any CPU = Release|Any CPU
	EndGlobalSection
	GlobalSection(ProjectConfigurationPlatforms) = postSolution
		{4EC3DA35-CC31-44FA-B4B7-86E318A143BE}.Debug|Any CPU.ActiveCfg = Debug|Any CPU
		{4EC3DA35-CC31-44FA-B4B7-86E318A143BE}.Debug|Any CPU.Build.0 = Debug|Any CPU
		{4EC3DA35-CC31-44FA-B4B7-86E318A143BE}.Release|Any CPU.ActiveCfg = Release|Any CPU
		{4EC3DA35-CC31-44FA-B4B7-86E318A143BE}.Release|Any CPU.Build.0 = Release|Any CPU
	EndGlobalSection
	GlobalSection(SolutionProperties) = preSolution
		HideSolutionNode = FALSE
	EndGlobalSection
	GlobalSection(ExtensibilityGlobals) = postSolution
		SolutionGuid = {3E1EA1E4-EFC3-4902-8F29-3D6845176C85}
	EndGlobalSection
EndGlobal
